PODS:
  - bitsdojo_window_macos (0.0.1):
    - FlutterMacOS
  - connectivity_macos (0.0.1):
    - FlutterMacOS
    - Reachability
  - desktop_webview_window (0.0.1):
    - FlutterMacOS
  - FlutterMacOS (1.0.0)
  - package_info (0.0.1):
    - FlutterMacOS
  - Reachability (3.2)
  - shared_preferences_macos (0.0.1):
    - FlutterMacOS
  - system_tray (0.0.1):
    - FlutterMacOS
  - url_launcher_macos (0.0.1):
    - FlutterMacOS

DEPENDENCIES:
  - bitsdojo_window_macos (from `Flutter/ephemeral/.symlinks/plugins/bitsdojo_window_macos/macos`)
  - connectivity_macos (from `Flutter/ephemeral/.symlinks/plugins/connectivity_macos/macos`)
  - desktop_webview_window (from `Flutter/ephemeral/.symlinks/plugins/desktop_webview_window/macos`)
  - FlutterMacOS (from `Flutter/ephemeral`)
  - package_info (from `Flutter/ephemeral/.symlinks/plugins/package_info/macos`)
  - shared_preferences_macos (from `Flutter/ephemeral/.symlinks/plugins/shared_preferences_macos/macos`)
  - system_tray (from `Flutter/ephemeral/.symlinks/plugins/system_tray/macos`)
  - url_launcher_macos (from `Flutter/ephemeral/.symlinks/plugins/url_launcher_macos/macos`)

SPEC REPOS:
  trunk:
    - Reachability

EXTERNAL SOURCES:
  bitsdojo_window_macos:
    :path: Flutter/ephemeral/.symlinks/plugins/bitsdojo_window_macos/macos
  connectivity_macos:
    :path: Flutter/ephemeral/.symlinks/plugins/connectivity_macos/macos
  desktop_webview_window:
    :path: Flutter/ephemeral/.symlinks/plugins/desktop_webview_window/macos
  FlutterMacOS:
    :path: Flutter/ephemeral
  package_info:
    :path: Flutter/ephemeral/.symlinks/plugins/package_info/macos
  shared_preferences_macos:
    :path: Flutter/ephemeral/.symlinks/plugins/shared_preferences_macos/macos
  system_tray:
    :path: Flutter/ephemeral/.symlinks/plugins/system_tray/macos
  url_launcher_macos:
    :path: Flutter/ephemeral/.symlinks/plugins/url_launcher_macos/macos

SPEC CHECKSUMS:
  bitsdojo_window_macos: 7e9b1bbb09bdce418d9657ead7fc9d824203ff0d
  connectivity_macos: 5dae6ee11d320fac7c05f0d08bd08fc32b5514d9
  desktop_webview_window: d4365e71bcd4e1aa0c14cf0377aa24db0c16a7e2
  FlutterMacOS: 57701585bf7de1b3fc2bb61f6378d73bbdea8424
  package_info: 6eba2fd8d3371dda2d85c8db6fe97488f24b74b2
  Reachability: 33e18b67625424e47b6cde6d202dce689ad7af96
  shared_preferences_macos: 480ce071d0666e37cef23fe6c702293a3d21799e
  system_tray: e53c972838c69589ff2e77d6d3abfd71332f9e5d
  url_launcher_macos: 45af3d61de06997666568a7149c1be98b41c95d4

PODFILE CHECKSUM: c7161fcf45d4fd9025dc0f48a76d6e64e52f8176

COCOAPODS: 1.11.0
